
Microsoft Visual Studio Solution File, Format Version 12.00
# Visual Studio for Mac
Project("{FAE04EC0-301F-11D3-BF4B-00C04F79EFBC}") = "GameplayProgrammingPatterns", "GameplayProgrammingPatterns.csproj", "{171C37B7-FAA1-D2A4-32C4-1BAF7552C215}"
EndProject
Global
	GlobalSection(SolutionConfigurationPlatforms) = preSolution
		Debug|Any CPU = Debug|Any CPU
		Release|Any CPU = Release|Any CPU
	EndGlobalSection
	GlobalSection(ProjectConfigurationPlatforms) = postSolution
		{171C37B7-FAA1-D2A4-32C4-1BAF7552C215}.Debug|Any CPU.ActiveCfg = Debug|Any CPU
		{171C37B7-FAA1-D2A4-32C4-1BAF7552C215}.Debug|Any CPU.Build.0 = Debug|Any CPU
		{171C37B7-FAA1-D2A4-32C4-1BAF7552C215}.Release|Any CPU.ActiveCfg = Release|Any CPU
		{171C37B7-FAA1-D2A4-32C4-1BAF7552C215}.Release|Any CPU.Build.0 = Release|Any CPU
	EndGlobalSection
	GlobalSection(SolutionProperties) = preSolution
		HideSolutionNode = FALSE
	EndGlobalSection
EndGlobal
